// !$*UTF8*$!
{
	archiveVersion = 1;
	classes = {
	};
	objectVersion = 46;
	objects = {

/* Begin PBXBuildFile section */
		5095938C1B9E460A7BE2F47D /* libPods-FMDBHelper.a in Frameworks */ = {isa = PBXBuildFile; fileRef = 5909B46354EAC37B3BC4F01A /* libPods-FMDBHelper.a */; };
		B8052F391B0F067E00D54F37 /* CKConditionMaker.m in Sources */ = {isa = PBXBuildFile; fileRef = B8052F381B0F067E00D54F37 /* CKConditionMaker.m */; };
		B821CEF11B0ED2820077129C /* NSString+CKDB.m in Sources */ = {isa = PBXBuildFile; fileRef = B821CEF01B0ED2820077129C /* NSString+CKDB.m */; };
		B89F07C01B0EECB30024B59A /* CKTestModel.m in Sources */ = {isa = PBXBuildFile; fileRef = B89F07BF1B0EECB30024B59A /* CKTestModel.m */; };
		B8D2C7091B0B2E65006A032F /* main.m in Sources */ = {isa = PBXBuildFile; fileRef = B8D2C7081B0B2E65006A032F /* main.m */; };
		B8D2C70C1B0B2E65006A032F /* AppDelegate.m in Sources */ = {isa = PBXBuildFile; fileRef = B8D2C70B1B0B2E65006A032F /* AppDelegate.m */; };
		B8D2C7141B0B2E65006A032F /* Images.xcassets in Resources */ = {isa = PBXBuildFile; fileRef = B8D2C7131B0B2E65006A032F /* Images.xcassets */; };
		B8D2C7171B0B2E65006A032F /* LaunchScreen.xib in Resources */ = {isa = PBXBuildFile; fileRef = B8D2C7151B0B2E65006A032F /* LaunchScreen.xib */; };
		B8D2C7231B0B2E65006A032F /* FMDBHelperTests.m in Sources */ = {isa = PBXBuildFile; fileRef = B8D2C7221B0B2E65006A032F /* FMDBHelperTests.m */; };
		B8D2C73E1B0B2F20006A032F /* libsqlite3.0.dylib in Frameworks */ = {isa = PBXBuildFile; fileRef = B8D2C73D1B0B2F20006A032F /* libsqlite3.0.dylib */; };
		B8D2C7441B0B325F006A032F /* NSObject+CKProperty.m in Sources */ = {isa = PBXBuildFile; fileRef = B8D2C7431B0B325F006A032F /* NSObject+CKProperty.m */; };
		B8D2C7471B0B35FE006A032F /* CKModel.m in Sources */ = {isa = PBXBuildFile; fileRef = B8D2C7461B0B35FE006A032F /* CKModel.m */; };
		B8D2C7811B0B4EED006A032F /* CKManager.m in Sources */ = {isa = PBXBuildFile; fileRef = B8D2C7801B0B4EED006A032F /* CKManager.m */; };
		B8D2C7831B0B60C8006A032F /* Storyboard.storyboard in Resources */ = {isa = PBXBuildFile; fileRef = B8D2C7821B0B60C8006A032F /* Storyboard.storyboard */; };
/* End PBXBuildFile section */

/* Begin PBXContainerItemProxy section */
		B8D2C71D1B0B2E65006A032F /* PBXContainerItemProxy */ = {
			isa = PBXContainerItemProxy;
			containerPortal = B8D2C6FB1B0B2E65006A032F /* Project object */;
			proxyType = 1;
			remoteGlobalIDString = B8D2C7021B0B2E65006A032F;
			remoteInfo = FMDBHelper;
		};
/* End PBXContainerItemProxy section */

/* Begin PBXFileReference section */
		413E69E0969F63F09073F350 /* Pods-FMDBHelper.release.xcconfig */ = {isa = PBXFileReference; includeInIndex = 1; lastKnownFileType = text.xcconfig; name = "Pods-FMDBHelper.release.xcconfig"; path = "Pods/Target Support Files/Pods-FMDBHelper/Pods-FMDBHelper.release.xcconfig"; sourceTree = "<group>"; };
		5909B46354EAC37B3BC4F01A /* libPods-FMDBHelper.a */ = {isa = PBXFileReference; explicitFileType = archive.ar; includeInIndex = 0; path = "libPods-FMDBHelper.a"; sourceTree = BUILT_PRODUCTS_DIR; };
		76E73E9D8098579D98821C55 /* Pods-FMDBHelper.debug.xcconfig */ = {isa = PBXFileReference; includeInIndex = 1; lastKnownFileType = text.xcconfig; name = "Pods-FMDBHelper.debug.xcconfig"; path = "Pods/Target Support Files/Pods-FMDBHelper/Pods-FMDBHelper.debug.xcconfig"; sourceTree = "<group>"; };
		B8052F371B0F067E00D54F37 /* CKConditionMaker.h */ = {isa = PBXFileReference; fileEncoding = 4; lastKnownFileType = sourcecode.c.h; path = CKConditionMaker.h; sourceTree = "<group>"; };
		B8052F381B0F067E00D54F37 /* CKConditionMaker.m */ = {isa = PBXFileReference; fileEncoding = 4; lastKnownFileType = sourcecode.c.objc; path = CKConditionMaker.m; sourceTree = "<group>"; };
		B821CEEF1B0ED2820077129C /* NSString+CKDB.h */ = {isa = PBXFileReference; fileEncoding = 4; lastKnownFileType = sourcecode.c.h; path = "NSString+CKDB.h"; sourceTree = "<group>"; };
		B821CEF01B0ED2820077129C /* NSString+CKDB.m */ = {isa = PBXFileReference; fileEncoding = 4; lastKnownFileType = sourcecode.c.objc; path = "NSString+CKDB.m"; sourceTree = "<group>"; };
		B89F07BE1B0EECB30024B59A /* CKTestModel.h */ = {isa = PBXFileReference; fileEncoding = 4; lastKnownFileType = sourcecode.c.h; path = CKTestModel.h; sourceTree = "<group>"; };
		B89F07BF1B0EECB30024B59A /* CKTestModel.m */ = {isa = PBXFileReference; fileEncoding = 4; lastKnownFileType = sourcecode.c.objc; path = CKTestModel.m; sourceTree = "<group>"; };
		B8D2C7031B0B2E65006A032F /* FMDBHelper.app */ = {isa = PBXFileReference; explicitFileType = wrapper.application; includeInIndex = 0; path = FMDBHelper.app; sourceTree = BUILT_PRODUCTS_DIR; };
		B8D2C7071B0B2E65006A032F /* Info.plist */ = {isa = PBXFileReference; lastKnownFileType = text.plist.xml; path = Info.plist; sourceTree = "<group>"; };
		B8D2C7081B0B2E65006A032F /* main.m */ = {isa = PBXFileReference; lastKnownFileType = sourcecode.c.objc; path = main.m; sourceTree = "<group>"; };
		B8D2C70A1B0B2E65006A032F /* AppDelegate.h */ = {isa = PBXFileReference; lastKnownFileType = sourcecode.c.h; path = AppDelegate.h; sourceTree = "<group>"; };
		B8D2C70B1B0B2E65006A032F /* AppDelegate.m */ = {isa = PBXFileReference; lastKnownFileType = sourcecode.c.objc; path = AppDelegate.m; sourceTree = "<group>"; };
		B8D2C7131B0B2E65006A032F /* Images.xcassets */ = {isa = PBXFileReference; lastKnownFileType = folder.assetcatalog; path = Images.xcassets; sourceTree = "<group>"; };
		B8D2C7161B0B2E65006A032F /* Base */ = {isa = PBXFileReference; lastKnownFileType = file.xib; name = Base; path = Base.lproj/LaunchScreen.xib; sourceTree = "<group>"; };
		B8D2C71C1B0B2E65006A032F /* FMDBHelperTests.xctest */ = {isa = PBXFileReference; explicitFileType = wrapper.cfbundle; includeInIndex = 0; path = FMDBHelperTests.xctest; sourceTree = BUILT_PRODUCTS_DIR; };
		B8D2C7211B0B2E65006A032F /* Info.plist */ = {isa = PBXFileReference; lastKnownFileType = text.plist.xml; path = Info.plist; sourceTree = "<group>"; };
		B8D2C7221B0B2E65006A032F /* FMDBHelperTests.m */ = {isa = PBXFileReference; lastKnownFileType = sourcecode.c.objc; path = FMDBHelperTests.m; sourceTree = "<group>"; };
		B8D2C73D1B0B2F20006A032F /* libsqlite3.0.dylib */ = {isa = PBXFileReference; lastKnownFileType = "compiled.mach-o.dylib"; name = libsqlite3.0.dylib; path = usr/lib/libsqlite3.0.dylib; sourceTree = SDKROOT; };
		B8D2C7411B0B3240006A032F /* CKFMDBHelper.h */ = {isa = PBXFileReference; lastKnownFileType = sourcecode.c.h; path = CKFMDBHelper.h; sourceTree = "<group>"; };
		B8D2C7421B0B325F006A032F /* NSObject+CKProperty.h */ = {isa = PBXFileReference; fileEncoding = 4; lastKnownFileType = sourcecode.c.h; path = "NSObject+CKProperty.h"; sourceTree = "<group>"; };
		B8D2C7431B0B325F006A032F /* NSObject+CKProperty.m */ = {isa = PBXFileReference; fileEncoding = 4; lastKnownFileType = sourcecode.c.objc; path = "NSObject+CKProperty.m"; sourceTree = "<group>"; };
		B8D2C7451B0B35FE006A032F /* CKModel.h */ = {isa = PBXFileReference; fileEncoding = 4; lastKnownFileType = sourcecode.c.h; path = CKModel.h; sourceTree = "<group>"; };
		B8D2C7461B0B35FE006A032F /* CKModel.m */ = {isa = PBXFileReference; fileEncoding = 4; lastKnownFileType = sourcecode.c.objc; path = CKModel.m; sourceTree = "<group>"; };
		B8D2C77F1B0B4EED006A032F /* CKManager.h */ = {isa = PBXFileReference; fileEncoding = 4; lastKnownFileType = sourcecode.c.h; path = CKManager.h; sourceTree = "<group>"; };
		B8D2C7801B0B4EED006A032F /* CKManager.m */ = {isa = PBXFileReference; fileEncoding = 4; lastKnownFileType = sourcecode.c.objc; path = CKManager.m; sourceTree = "<group>"; };
		B8D2C7821B0B60C8006A032F /* Storyboard.storyboard */ = {isa = PBXFileReference; fileEncoding = 4; lastKnownFileType = file.storyboard; path = Storyboard.storyboard; sourceTree = "<group>"; };
/* End PBXFileReference section */

/* Begin PBXFrameworksBuildPhase section */
		B8D2C7001B0B2E65006A032F /* Frameworks */ = {
			isa = PBXFrameworksBuildPhase;
			buildActionMask = 2147483647;
			files = (
				B8D2C73E1B0B2F20006A032F /* libsqlite3.0.dylib in Frameworks */,
				5095938C1B9E460A7BE2F47D /* libPods-FMDBHelper.a in Frameworks */,
			);
			runOnlyForDeploymentPostprocessing = 0;
		};
		B8D2C7191B0B2E65006A032F /* Frameworks */ = {
			isa = PBXFrameworksBuildPhase;
			buildActionMask = 2147483647;
			files = (
			);
			runOnlyForDeploymentPostprocessing = 0;
		};
/* End PBXFrameworksBuildPhase section */

/* Begin PBXGroup section */
		A21BF518C534A84047822657 /* Frameworks */ = {
			isa = PBXGroup;
			children = (
				5909B46354EAC37B3BC4F01A /* libPods-FMDBHelper.a */,
			);
			name = Frameworks;
			sourceTree = "<group>";
		};
		A32615083F7C4F28BF61DA99 /* Pods */ = {
			isa = PBXGroup;
			children = (
				76E73E9D8098579D98821C55 /* Pods-FMDBHelper.debug.xcconfig */,
				413E69E0969F63F09073F350 /* Pods-FMDBHelper.release.xcconfig */,
			);
			name = Pods;
			sourceTree = "<group>";
		};
		B8D2C6FA1B0B2E65006A032F = {
			isa = PBXGroup;
			children = (
				B8D2C73D1B0B2F20006A032F /* libsqlite3.0.dylib */,
				B8D2C7051B0B2E65006A032F /* FMDBHelper */,
				B8D2C71F1B0B2E65006A032F /* FMDBHelperTests */,
				B8D2C7041B0B2E65006A032F /* Products */,
				A32615083F7C4F28BF61DA99 /* Pods */,
				A21BF518C534A84047822657 /* Frameworks */,
			);
			sourceTree = "<group>";
		};
		B8D2C7041B0B2E65006A032F /* Products */ = {
			isa = PBXGroup;
			children = (
				B8D2C7031B0B2E65006A032F /* FMDBHelper.app */,
				B8D2C71C1B0B2E65006A032F /* FMDBHelperTests.xctest */,
			);
			name = Products;
			sourceTree = "<group>";
		};
		B8D2C7051B0B2E65006A032F /* FMDBHelper */ = {
			isa = PBXGroup;
			children = (
				B8D2C70A1B0B2E65006A032F /* AppDelegate.h */,
				B8D2C70B1B0B2E65006A032F /* AppDelegate.m */,
				B89F07BE1B0EECB30024B59A /* CKTestModel.h */,
				B89F07BF1B0EECB30024B59A /* CKTestModel.m */,
				B8D2C7131B0B2E65006A032F /* Images.xcassets */,
				B8D2C7151B0B2E65006A032F /* LaunchScreen.xib */,
				B8D2C7821B0B60C8006A032F /* Storyboard.storyboard */,
				B8D2C73F1B0B3214006A032F /* FMDBHelper */,
				B8D2C7061B0B2E65006A032F /* Supporting Files */,
			);
			path = FMDBHelper;
			sourceTree = "<group>";
		};
		B8D2C7061B0B2E65006A032F /* Supporting Files */ = {
			isa = PBXGroup;
			children = (
				B8D2C7071B0B2E65006A032F /* Info.plist */,
				B8D2C7081B0B2E65006A032F /* main.m */,
			);
			name = "Supporting Files";
			sourceTree = "<group>";
		};
		B8D2C71F1B0B2E65006A032F /* FMDBHelperTests */ = {
			isa = PBXGroup;
			children = (
				B8D2C7221B0B2E65006A032F /* FMDBHelperTests.m */,
				B8D2C7201B0B2E65006A032F /* Supporting Files */,
			);
			path = FMDBHelperTests;
			sourceTree = "<group>";
		};
		B8D2C7201B0B2E65006A032F /* Supporting Files */ = {
			isa = PBXGroup;
			children = (
				B8D2C7211B0B2E65006A032F /* Info.plist */,
			);
			name = "Supporting Files";
			sourceTree = "<group>";
		};
		B8D2C73F1B0B3214006A032F /* FMDBHelper */ = {
			isa = PBXGroup;
			children = (
				B8D2C7411B0B3240006A032F /* CKFMDBHelper.h */,
				B8D2C7421B0B325F006A032F /* NSObject+CKProperty.h */,
				B8D2C7431B0B325F006A032F /* NSObject+CKProperty.m */,
				B821CEEF1B0ED2820077129C /* NSString+CKDB.h */,
				B821CEF01B0ED2820077129C /* NSString+CKDB.m */,
				B8D2C7451B0B35FE006A032F /* CKModel.h */,
				B8D2C7461B0B35FE006A032F /* CKModel.m */,
				B8052F371B0F067E00D54F37 /* CKConditionMaker.h */,
				B8052F381B0F067E00D54F37 /* CKConditionMaker.m */,
				B8D2C77F1B0B4EED006A032F /* CKManager.h */,
				B8D2C7801B0B4EED006A032F /* CKManager.m */,
			);
			path = FMDBHelper;
			sourceTree = "<group>";
		};
/* End PBXGroup section */

/* Begin PBXNativeTarget section */
		B8D2C7021B0B2E65006A032F /* FMDBHelper */ = {
			isa = PBXNativeTarget;
			buildConfigurationList = B8D2C7261B0B2E65006A032F /* Build configuration list for PBXNativeTarget "FMDBHelper" */;
			buildPhases = (
				BFD31172190BFDC6877A1180 /* Check Pods Manifest.lock */,
				B8D2C6FF1B0B2E65006A032F /* Sources */,
				B8D2C7001B0B2E65006A032F /* Frameworks */,
				B8D2C7011B0B2E65006A032F /* Resources */,
				B968C770B4B57270499BD17A /* Copy Pods Resources */,
			);
			buildRules = (
			);
			dependencies = (
			);
			name = FMDBHelper;
			productName = FMDBHelper;
			productReference = B8D2C7031B0B2E65006A032F /* FMDBHelper.app */;
			productType = "com.apple.product-type.application";
		};
		B8D2C71B1B0B2E65006A032F /* FMDBHelperTests */ = {
			isa = PBXNativeTarget;
			buildConfigurationList = B8D2C7291B0B2E65006A032F /* Build configuration list for PBXNativeTarget "FMDBHelperTests" */;
			buildPhases = (
				B8D2C7181B0B2E65006A032F /* Sources */,
				B8D2C7191B0B2E65006A032F /* Frameworks */,
				B8D2C71A1B0B2E65006A032F /* Resources */,
			);
			buildRules = (
			);
			dependencies = (
				B8D2C71E1B0B2E65006A032F /* PBXTargetDependency */,
			);
			name = FMDBHelperTests;
			productName = FMDBHelperTests;
			productReference = B8D2C71C1B0B2E65006A032F /* FMDBHelperTests.xctest */;
			productType = "com.apple.product-type.bundle.unit-test";
		};
/* End PBXNativeTarget section */

/* Begin PBXProject section */
		B8D2C6FB1B0B2E65006A032F /* Project object */ = {
			isa = PBXProject;
			attributes = {
				CLASSPREFIX = CK;
				LastUpgradeCheck = 0630;
				ORGANIZATIONNAME = tcyx;
				TargetAttributes = {
					B8D2C7021B0B2E65006A032F = {
						CreatedOnToolsVersion = 6.3.1;
					};
					B8D2C71B1B0B2E65006A032F = {
						CreatedOnToolsVersion = 6.3.1;
						TestTargetID = B8D2C7021B0B2E65006A032F;
					};
				};
			};
			buildConfigurationList = B8D2C6FE1B0B2E65006A032F /* Build configuration list for PBXProject "FMDBHelper" */;
			compatibilityVersion = "Xcode 3.2";
			developmentRegion = English;
			hasScannedForEncodings = 0;
			knownRegions = (
				en,
				Base,
			);
			mainGroup = B8D2C6FA1B0B2E65006A032F;
			productRefGroup = B8D2C7041B0B2E65006A032F /* Products */;
			projectDirPath = "";
			projectRoot = "";
			targets = (
				B8D2C7021B0B2E65006A032F /* FMDBHelper */,
				B8D2C71B1B0B2E65006A032F /* FMDBHelperTests */,
			);
		};
/* End PBXProject section */

/* Begin PBXResourcesBuildPhase section */
		B8D2C7011B0B2E65006A032F /* Resources */ = {
			isa = PBXResourcesBuildPhase;
			buildActionMask = 2147483647;
			files = (
				B8D2C7171B0B2E65006A032F /* LaunchScreen.xib in Resources */,
				B8D2C7831B0B60C8006A032F /* Storyboard.storyboard in Resources */,
				B8D2C7141B0B2E65006A032F /* Images.xcassets in Resources */,
			);
			runOnlyForDeploymentPostprocessing = 0;
		};
		B8D2C71A1B0B2E65006A032F /* Resources */ = {
			isa = PBXResourcesBuildPhase;
			buildActionMask = 2147483647;
			files = (
			);
			runOnlyForDeploymentPostprocessing = 0;
		};
/* End PBXResourcesBuildPhase section */

/* Begin PBXShellScriptBuildPhase section */
		B968C770B4B57270499BD17A /* Copy Pods Resources */ = {
			isa = PBXShellScriptBuildPhase;
			buildActionMask = 2147483647;
			files = (
			);
			inputPaths = (
			);
			name = "Copy Pods Resources";
			outputPaths = (
			);
			runOnlyForDeploymentPostprocessing = 0;
			shellPath = /bin/sh;
			shellScript = "\"${SRCROOT}/Pods/Target Support Files/Pods-FMDBHelper/Pods-FMDBHelper-resources.sh\"\n";
			showEnvVarsInLog = 0;
		};
		BFD31172190BFDC6877A1180 /* Check Pods Manifest.lock */ = {
			isa = PBXShellScriptBuildPhase;
			buildActionMask = 2147483647;
			files = (
			);
			inputPaths = (
			);
			name = "Check Pods Manifest.lock";
			outputPaths = (
			);
			runOnlyForDeploymentPostprocessing = 0;
			shellPath = /bin/sh;
			shellScript = "diff \"${PODS_ROOT}/../Podfile.lock\" \"${PODS_ROOT}/Manifest.lock\" > /dev/null\nif [[ $? != 0 ]] ; then\n    cat << EOM\nerror: The sandbox is not in sync with the Podfile.lock. Run 'pod install' or update your CocoaPods installation.\nEOM\n    exit 1\nfi\n";
			showEnvVarsInLog = 0;
		};
/* End PBXShellScriptBuildPhase section */

/* Begin PBXSourcesBuildPhase section */
		B8D2C6FF1B0B2E65006A032F /* Sources */ = {
			isa = PBXSourcesBuildPhase;
			buildActionMask = 2147483647;
			files = (
				B821CEF11B0ED2820077129C /* NSString+CKDB.m in Sources */,
				B8D2C70C1B0B2E65006A032F /* AppDelegate.m in Sources */,
				B89F07C01B0EECB30024B59A /* CKTestModel.m in Sources */,
				B8052F391B0F067E00D54F37 /* CKConditionMaker.m in Sources */,
				B8D2C7091B0B2E65006A032F /* main.m in Sources */,
				B8D2C7811B0B4EED006A032F /* CKManager.m in Sources */,
				B8D2C7471B0B35FE006A032F /* CKModel.m in Sources */,
				B8D2C7441B0B325F006A032F /* NSObject+CKProperty.m in Sources */,
			);
			runOnlyForDeploymentPostprocessing = 0;
		};
		B8D2C7181B0B2E65006A032F /* Sources */ = {
			isa = PBXSourcesBuildPhase;
			buildActionMask = 2147483647;
			files = (
				B8D2C7231B0B2E65006A032F /* FMDBHelperTests.m in Sources */,
			);
			runOnlyForDeploymentPostprocessing = 0;
		};
/* End PBXSourcesBuildPhase section */

/* Begin PBXTargetDependency section */
		B8D2C71E1B0B2E65006A032F /* PBXTargetDependency */ = {
			isa = PBXTargetDependency;
			target = B8D2C7021B0B2E65006A032F /* FMDBHelper */;
			targetProxy = B8D2C71D1B0B2E65006A032F /* PBXContainerItemProxy */;
		};
/* End PBXTargetDependency section */

/* Begin PBXVariantGroup section */
		B8D2C7151B0B2E65006A032F /* LaunchScreen.xib */ = {
			isa = PBXVariantGroup;
			children = (
				B8D2C7161B0B2E65006A032F /* Base */,
			);
			name = LaunchScreen.xib;
			sourceTree = "<group>";
		};
/* End PBXVariantGroup section */

/* Begin XCBuildConfiguration section */
		B8D2C7241B0B2E65006A032F /* Debug */ = {
			isa = XCBuildConfiguration;
			buildSettings = {
				ALWAYS_SEARCH_USER_PATHS = NO;
				CLANG_CXX_LANGUAGE_STANDARD = "gnu++0x";
				CLANG_CXX_LIBRARY = "libc++";
				CLANG_ENABLE_MODULES = YES;
				CLANG_ENABLE_OBJC_ARC = YES;
				CLANG_WARN_BOOL_CONVERSION = YES;
				CLANG_WARN_CONSTANT_CONVERSION = YES;
				CLANG_WARN_DIRECT_OBJC_ISA_USAGE = YES_ERROR;
				CLANG_WARN_EMPTY_BODY = YES;
				CLANG_WARN_ENUM_CONVERSION = YES;
				CLANG_WARN_INT_CONVERSION = YES;
				CLANG_WARN_OBJC_ROOT_CLASS = YES_ERROR;
				CLANG_WARN_UNREACHABLE_CODE = YES;
				CLANG_WARN__DUPLICATE_METHOD_MATCH = YES;
				"CODE_SIGN_IDENTITY[sdk=iphoneos*]" = "iPhone Developer";
				COPY_PHASE_STRIP = NO;
				DEBUG_INFORMATION_FORMAT = "dwarf-with-dsym";
				ENABLE_STRICT_OBJC_MSGSEND = YES;
				GCC_C_LANGUAGE_STANDARD = gnu99;
				GCC_DYNAMIC_NO_PIC = NO;
				GCC_NO_COMMON_BLOCKS = YES;
				GCC_OPTIMIZATION_LEVEL = 0;
				GCC_PREPROCESSOR_DEFINITIONS = (
					"DEBUG=1",
					"$(inherited)",
				);
				GCC_SYMBOLS_PRIVATE_EXTERN = NO;
				GCC_WARN_64_TO_32_BIT_CONVERSION = YES;
				GCC_WARN_ABOUT_RETURN_TYPE = YES_ERROR;
				GCC_WARN_UNDECLARED_SELECTOR = YES;
				GCC_WARN_UNINITIALIZED_AUTOS = YES_AGGRESSIVE;
				GCC_WARN_UNUSED_FUNCTION = YES;
				GCC_WARN_UNUSED_VARIABLE = YES;
				IPHONEOS_DEPLOYMENT_TARGET = 8.3;
				MTL_ENABLE_DEBUG_INFO = YES;
				ONLY_ACTIVE_ARCH = YES;
				SDKROOT = iphoneos;
			};
			name = Debug;
		};
		B8D2C7251B0B2E65006A032F /* Release */ = {
			isa = XCBuildConfiguration;
			buildSettings = {
				ALWAYS_SEARCH_USER_PATHS = NO;
				CLANG_CXX_LANGUAGE_STANDARD = "gnu++0x";
				CLANG_CXX_LIBRARY = "libc++";
				CLANG_ENABLE_MODULES = YES;
				CLANG_ENABLE_OBJC_ARC = YES;
				CLANG_WARN_BOOL_CONVERSION = YES;
				CLANG_WARN_CONSTANT_CONVERSION = YES;
				CLANG_WARN_DIRECT_OBJC_ISA_USAGE = YES_ERROR;
				CLANG_WARN_EMPTY_BODY = YES;
				CLANG_WARN_ENUM_CONVERSION = YES;
				CLANG_WARN_INT_CONVERSION = YES;
				CLANG_WARN_OBJC_ROOT_CLASS = YES_ERROR;
				CLANG_WARN_UNREACHABLE_CODE = YES;
				CLANG_WARN__DUPLICATE_METHOD_MATCH = YES;
				"CODE_SIGN_IDENTITY[sdk=iphoneos*]" = "iPhone Developer";
				COPY_PHASE_STRIP = NO;
				DEBUG_INFORMATION_FORMAT = "dwarf-with-dsym";
				ENABLE_NS_ASSERTIONS = NO;
				ENABLE_STRICT_OBJC_MSGSEND = YES;
				GCC_C_LANGUAGE_STANDARD = gnu99;
				GCC_NO_COMMON_BLOCKS = YES;
				GCC_WARN_64_TO_32_BIT_CONVERSION = YES;
				GCC_WARN_ABOUT_RETURN_TYPE = YES_ERROR;
				GCC_WARN_UNDECLARED_SELECTOR = YES;
				GCC_WARN_UNINITIALIZED_AUTOS = YES_AGGRESSIVE;
				GCC_WARN_UNUSED_FUNCTION = YES;
				GCC_WARN_UNUSED_VARIABLE = YES;
				IPHONEOS_DEPLOYMENT_TARGET = 8.3;
				MTL_ENABLE_DEBUG_INFO = NO;
				SDKROOT = iphoneos;
				VALIDATE_PRODUCT = YES;
			};
			name = Release;
		};
		B8D2C7271B0B2E65006A032F /* Debug */ = {
			isa = XCBuildConfiguration;
			baseConfigurationReference = 76E73E9D8098579D98821C55 /* Pods-FMDBHelper.debug.xcconfig */;
			buildSettings = {
				ASSETCATALOG_COMPILER_APPICON_NAME = AppIcon;
				INFOPLIST_FILE = FMDBHelper/Info.plist;
				IPHONEOS_DEPLOYMENT_TARGET = 7.0;
				LD_RUNPATH_SEARCH_PATHS = "$(inherited) @executable_path/Frameworks";
				PRODUCT_NAME = "$(TARGET_NAME)";
			};
			name = Debug;
		};
		B8D2C7281B0B2E65006A032F /* Release */ = {
			isa = XCBuildConfiguration;
			baseConfigurationReference = 413E69E0969F63F09073F350 /* Pods-FMDBHelper.release.xcconfig */;
			buildSettings = {
				ASSETCATALOG_COMPILER_APPICON_NAME = AppIcon;
				INFOPLIST_FILE = FMDBHelper/Info.plist;
				IPHONEOS_DEPLOYMENT_TARGET = 7.0;
				LD_RUNPATH_SEARCH_PATHS = "$(inherited) @executable_path/Frameworks";
				PRODUCT_NAME = "$(TARGET_NAME)";
			};
			name = Release;
		};
		B8D2C72A1B0B2E65006A032F /* Debug */ = {
			isa = XCBuildConfiguration;
			buildSettings = {
				BUNDLE_LOADER = "$(TEST_HOST)";
				FRAMEWORK_SEARCH_PATHS = (
					"$(SDKROOT)/Developer/Library/Frameworks",
					"$(inherited)",
				);
				GCC_PREPROCESSOR_DEFINITIONS = (
					"DEBUG=1",
					"$(inherited)",
				);
				INFOPLIST_FILE = FMDBHelperTests/Info.plist;
				LD_RUNPATH_SEARCH_PATHS = "$(inherited) @executable_path/Frameworks @loader_path/Frameworks";
				PRODUCT_NAME = "$(TARGET_NAME)";
				TEST_HOST = "$(BUILT_PRODUCTS_DIR)/FMDBHelper.app/FMDBHelper";
			};
			name = Debug;
		};
		B8D2C72B1B0B2E65006A032F /* Release */ = {
			isa = XCBuildConfiguration;
			buildSettings = {
				BUNDLE_LOADER = "$(TEST_HOST)";
				FRAMEWORK_SEARCH_PATHS = (
					"$(SDKROOT)/Developer/Library/Frameworks",
					"$(inherited)",
				);
				INFOPLIST_FILE = FMDBHelperTests/Info.plist;
				LD_RUNPATH_SEARCH_PATHS = "$(inherited) @executable_path/Frameworks @loader_path/Frameworks";
				PRODUCT_NAME = "$(TARGET_NAME)";
				TEST_HOST = "$(BUILT_PRODUCTS_DIR)/FMDBHelper.app/FMDBHelper";
			};
			name = Release;
		};
/* End XCBuildConfiguration section */

/* Begin XCConfigurationList section */
		B8D2C6FE1B0B2E65006A032F /* Build configuration list for PBXProject "FMDBHelper" */ = {
			isa = XCConfigurationList;
			buildConfigurations = (
				B8D2C7241B0B2E65006A032F /* Debug */,
				B8D2C7251B0B2E65006A032F /* Release */,
			);
			defaultConfigurationIsVisible = 0;
			defaultConfigurationName = Release;
		};
		B8D2C7261B0B2E65006A032F /* Build configuration list for PBXNativeTarget "FMDBHelper" */ = {
			isa = XCConfigurationList;
			buildConfigurations = (
				B8D2C7271B0B2E65006A032F /* Debug */,
				B8D2C7281B0B2E65006A032F /* Release */,
			);
			defaultConfigurationIsVisible = 0;
			defaultConfigurationName = Release;
		};
		B8D2C7291B0B2E65006A032F /* Build configuration list for PBXNativeTarget "FMDBHelperTests" */ = {
			isa = XCConfigurationList;
			buildConfigurations = (
				B8D2C72A1B0B2E65006A032F /* Debug */,
				B8D2C72B1B0B2E65006A032F /* Release */,
			);
			defaultConfigurationIsVisible = 0;
			defaultConfigurationName = Release;
		};
/* End XCConfigurationList section */
	};
	rootObject = B8D2C6FB1B0B2E65006A032F /* Project object */;
}
